{
  "name": "statechartjs",
  "version": "0.2.0",
  "dependencies": {
    "html5-history-api": {
      "version": "4.2.0",
      "from": "html5-history-api@4.2.0",
      "resolved": "https://registry.npmjs.org/html5-history-api/-/html5-history-api-4.2.0.tgz"
    },
    "jasmine-core": {
      "version": "2.5.1",
      "from": "jasmine-core@*",
      "resolved": "https://registry.npmjs.org/jasmine-core/-/jasmine-core-2.5.1.tgz"
    },
    "shallow-equals": {
      "version": "0.0.0",
      "from": "shallow-equals@0.0.0",
      "resolved": "https://registry.npmjs.org/shallow-equals/-/shallow-equals-0.0.0.tgz"
    }
  }
}
